
Microsoft Visual Studio Solution File, Format Version 12.00
# Visual Studio Version 16
VisualStudioVersion = 16.0.31205.134
MinimumVisualStudioVersion = 10.0.40219.1
Project("{9A19103F-16F7-4668-BE54-9A1E7A4F7556}") = "HigherOrLower.Api", "HigherOrLower.Api\HigherOrLower.Api.csproj", "{14EFAF3F-2B51-48B3-9A10-232AA1F4E371}"
EndProject
Project("{9A19103F-16F7-4668-BE54-9A1E7A4F7556}") = "HigherOrLower.Contracts", "HigherOrLower.Contracts\HigherOrLower.Contracts.csproj", "{089C0C75-4AB8-4A32-902B-D074223EBE35}"
EndProject
Project("{9A19103F-16F7-4668-BE54-9A1E7A4F7556}") = "HigherOrLower.Domain", "HigherOrLower.Domain\HigherOrLower.Domain.csproj", "{FCA85336-7D55-42B2-9492-E2F113544F19}"
EndProject
Project("{9A19103F-16F7-4668-BE54-9A1E7A4F7556}") = "HigherOrLower.Infrastructure", "HigherOrLower.Infrastructure\HigherOrLower.Infrastructure.csproj", "{480F4791-81A3-4B67-9C5E-D434B6F21615}"
EndProject
Project("{9A19103F-16F7-4668-BE54-9A1E7A4F7556}") = "HigherOrLower.Tests", "HigherOrLower.Tests\HigherOrLower.Tests.csproj", "{C4313C72-380F-4F3F-9C20-3A0E02D86D52}"
EndProject
Project("{2150E333-8FDC-42A3-9474-1A3956D46DE8}") = "src", "src", "{A853AE9C-7275-4E9A-9122-6245D3965DAE}"
EndProject
Project("{2150E333-8FDC-42A3-9474-1A3956D46DE8}") = "contracts", "contracts", "{337BBA7A-022F-4D82-89D2-B6CBA4DA3EFF}"
EndProject
Project("{2150E333-8FDC-42A3-9474-1A3956D46DE8}") = "tests", "tests", "{BFDDB417-FB50-4EDE-8286-811273E0EC1B}"
EndProject
Global
	GlobalSection(SolutionConfigurationPlatforms) = preSolution
		Debug|Any CPU = Debug|Any CPU
		Release|Any CPU = Release|Any CPU
	EndGlobalSection
	GlobalSection(ProjectConfigurationPlatforms) = postSolution
		{14EFAF3F-2B51-48B3-9A10-232AA1F4E371}.Debug|Any CPU.ActiveCfg = Debug|Any CPU
		{14EFAF3F-2B51-48B3-9A10-232AA1F4E371}.Debug|Any CPU.Build.0 = Debug|Any CPU
		{14EFAF3F-2B51-48B3-9A10-232AA1F4E371}.Release|Any CPU.ActiveCfg = Release|Any CPU
		{14EFAF3F-2B51-48B3-9A10-232AA1F4E371}.Release|Any CPU.Build.0 = Release|Any CPU
		{089C0C75-4AB8-4A32-902B-D074223EBE35}.Debug|Any CPU.ActiveCfg = Debug|Any CPU
		{089C0C75-4AB8-4A32-902B-D074223EBE35}.Debug|Any CPU.Build.0 = Debug|Any CPU
		{089C0C75-4AB8-4A32-902B-D074223EBE35}.Release|Any CPU.ActiveCfg = Release|Any CPU
		{089C0C75-4AB8-4A32-902B-D074223EBE35}.Release|Any CPU.Build.0 = Release|Any CPU
		{FCA85336-7D55-42B2-9492-E2F113544F19}.Debug|Any CPU.ActiveCfg = Debug|Any CPU
		{FCA85336-7D55-42B2-9492-E2F113544F19}.Debug|Any CPU.Build.0 = Debug|Any CPU
		{FCA85336-7D55-42B2-9492-E2F113544F19}.Release|Any CPU.ActiveCfg = Release|Any CPU
		{FCA85336-7D55-42B2-9492-E2F113544F19}.Release|Any CPU.Build.0 = Release|Any CPU
		{480F4791-81A3-4B67-9C5E-D434B6F21615}.Debug|Any CPU.ActiveCfg = Debug|Any CPU
		{480F4791-81A3-4B67-9C5E-D434B6F21615}.Debug|Any CPU.Build.0 = Debug|Any CPU
		{480F4791-81A3-4B67-9C5E-D434B6F21615}.Release|Any CPU.ActiveCfg = Release|Any CPU
		{480F4791-81A3-4B67-9C5E-D434B6F21615}.Release|Any CPU.Build.0 = Release|Any CPU
		{C4313C72-380F-4F3F-9C20-3A0E02D86D52}.Debug|Any CPU.ActiveCfg = Debug|Any CPU
		{C4313C72-380F-4F3F-9C20-3A0E02D86D52}.Debug|Any CPU.Build.0 = Debug|Any CPU
		{C4313C72-380F-4F3F-9C20-3A0E02D86D52}.Release|Any CPU.ActiveCfg = Release|Any CPU
		{C4313C72-380F-4F3F-9C20-3A0E02D86D52}.Release|Any CPU.Build.0 = Release|Any CPU
	EndGlobalSection
	GlobalSection(SolutionProperties) = preSolution
		HideSolutionNode = FALSE
	EndGlobalSection
	GlobalSection(NestedProjects) = preSolution
		{14EFAF3F-2B51-48B3-9A10-232AA1F4E371} = {A853AE9C-7275-4E9A-9122-6245D3965DAE}
		{089C0C75-4AB8-4A32-902B-D074223EBE35} = {337BBA7A-022F-4D82-89D2-B6CBA4DA3EFF}
		{FCA85336-7D55-42B2-9492-E2F113544F19} = {A853AE9C-7275-4E9A-9122-6245D3965DAE}
		{480F4791-81A3-4B67-9C5E-D434B6F21615} = {A853AE9C-7275-4E9A-9122-6245D3965DAE}
		{C4313C72-380F-4F3F-9C20-3A0E02D86D52} = {BFDDB417-FB50-4EDE-8286-811273E0EC1B}
	EndGlobalSection
	GlobalSection(ExtensibilityGlobals) = postSolution
		SolutionGuid = {5C3D912F-8F86-48AE-B517-D47724865702}
	EndGlobalSection
EndGlobal
